
Microsoft Visual Studio Solution File, Format Version 12.00
# Visual Studio Version 16
VisualStudioVersion = 16.0.30320.27
MinimumVisualStudioVersion = 10.0.40219.1
Project("{FAE04EC0-301F-11D3-BF4B-00C04F79EFBC}") = "OrnekWebUygulamasi", "OrnekWebUygulamasi\OrnekWebUygulamasi.csproj", "{B6871D1C-7225-4298-A8BC-6A9EC50457B6}"
EndProject
Project("{2150E333-8FDC-42A3-9474-1A3956D46DE8}") = "Solution Items", "Solution Items", "{0B680325-03C6-44F3-B8BD-F8754F930FCF}"
	ProjectSection(SolutionItems) = preProject
		.editorconfig = .editorconfig
	EndProjectSection
EndProject
Global
	GlobalSection(SolutionConfigurationPlatforms) = preSolution
		Debug|Any CPU = Debug|Any CPU
		Release|Any CPU = Release|Any CPU
	EndGlobalSection
	GlobalSection(ProjectConfigurationPlatforms) = postSolution
		{B6871D1C-7225-4298-A8BC-6A9EC50457B6}.Debug|Any CPU.ActiveCfg = Debug|Any CPU
		{B6871D1C-7225-4298-A8BC-6A9EC50457B6}.Debug|Any CPU.Build.0 = Debug|Any CPU
		{B6871D1C-7225-4298-A8BC-6A9EC50457B6}.Release|Any CPU.ActiveCfg = Release|Any CPU
		{B6871D1C-7225-4298-A8BC-6A9EC50457B6}.Release|Any CPU.Build.0 = Release|Any CPU
	EndGlobalSection
	GlobalSection(SolutionProperties) = preSolution
		HideSolutionNode = FALSE
	EndGlobalSection
	GlobalSection(ExtensibilityGlobals) = postSolution
		SolutionGuid = {ED2300A5-ADDF-429F-84EF-76869D3CADDB}
	EndGlobalSection
EndGlobal
